
Microsoft Visual Studio Solution File, Format Version 12.00
# Visual Studio Version 16
VisualStudioVersion = 16.0.29806.167
MinimumVisualStudioVersion = 10.0.40219.1
Project("{FAE04EC0-301F-11D3-BF4B-00C04F79EFBC}") = "Azure203Console", "Azure203Console\Azure203Console.csproj", "{618A2670-B548-4358-95DC-78963A0CB86F}"
EndProject
Global
	GlobalSection(SolutionConfigurationPlatforms) = preSolution
		Debug|Any CPU = Debug|Any CPU
		Release|Any CPU = Release|Any CPU
	EndGlobalSection
	GlobalSection(ProjectConfigurationPlatforms) = postSolution
		{618A2670-B548-4358-95DC-78963A0CB86F}.Debug|Any CPU.ActiveCfg = Debug|Any CPU
		{618A2670-B548-4358-95DC-78963A0CB86F}.Debug|Any CPU.Build.0 = Debug|Any CPU
		{618A2670-B548-4358-95DC-78963A0CB86F}.Release|Any CPU.ActiveCfg = Release|Any CPU
		{618A2670-B548-4358-95DC-78963A0CB86F}.Release|Any CPU.Build.0 = Release|Any CPU
	EndGlobalSection
	GlobalSection(SolutionProperties) = preSolution
		HideSolutionNode = FALSE
	EndGlobalSection
	GlobalSection(ExtensibilityGlobals) = postSolution
		SolutionGuid = {A82D8CCC-1DD6-4508-B94F-9D728B24B165}
	EndGlobalSection
EndGlobal
